{"version":4,"terraform_version":"1.8.2","serial":1,"lineage":"2dd61ada-6bd0-c734-c148-949ea974e76f","outputs":{"app_name":{"value":"mimir","type":"string"},"requires":{"value":{"mimir_cluster":"mimir-cluster"},"type":["object",{"mimir_cluster":"string"}]}},"resources":[{"mode":"managed","type":"juju_application","name":"mimir_coordinator","provider":"provider[\"registry.opentofu.org/juju/juju\"]","instances":[{"schema_version":0,"attributes":{"charm":[{"base":"ubuntu@22.04","channel":"latest/stable","name":"mimir-coordinator-k8s","revision":12,"series":"jammy"}],"config":{},"constraints":"arch=amd64","endpoint_bindings":null,"expose":[],"id":"mimir:mimir","model":"mimir","name":"mimir","placement":"","principal":null,"resources":null,"storage":null,"storage_directives":null,"trust":false,"units":1},"sensitive_attributes":[]}]}],"check_results":null}
